
Microsoft Visual Studio Solution File, Format Version 12.00
# Visual Studio Version 17
VisualStudioVersion = 17.10.35027.167
MinimumVisualStudioVersion = 10.0.40219.1
Project("{FAE04EC0-301F-11D3-BF4B-00C04F79EFBC}") = "TaskManager_Lipina", "TaskManager_Lipina\TaskManager_Lipina.csproj", "{4D0AEC30-18E4-48F7-B1B5-E203DD676948}"
EndProject
Global
	GlobalSection(SolutionConfigurationPlatforms) = preSolution
		Debug|Any CPU = Debug|Any CPU
		Release|Any CPU = Release|Any CPU
	EndGlobalSection
	GlobalSection(ProjectConfigurationPlatforms) = postSolution
		{4D0AEC30-18E4-48F7-B1B5-E203DD676948}.Debug|Any CPU.ActiveCfg = Debug|Any CPU
		{4D0AEC30-18E4-48F7-B1B5-E203DD676948}.Debug|Any CPU.Build.0 = Debug|Any CPU
		{4D0AEC30-18E4-48F7-B1B5-E203DD676948}.Release|Any CPU.ActiveCfg = Release|Any CPU
		{4D0AEC30-18E4-48F7-B1B5-E203DD676948}.Release|Any CPU.Build.0 = Release|Any CPU
	EndGlobalSection
	GlobalSection(SolutionProperties) = preSolution
		HideSolutionNode = FALSE
	EndGlobalSection
	GlobalSection(ExtensibilityGlobals) = postSolution
		SolutionGuid = {DDCEF5D1-C214-4D4D-A421-E74115367DBE}
	EndGlobalSection
EndGlobal
